// !$*UTF8*$!
{
	archiveVersion = 1;
	classes = {
	};
	objectVersion = 51;
	objects = {

/* Begin PBXBuildFile section */
		AA498153250817D400CE8CDE /* AppDelegate.swift in Sources */ = {isa = PBXBuildFile; fileRef = AA498152250817D400CE8CDE /* AppDelegate.swift */; };
		AA498155250817D400CE8CDE /* SceneDelegate.swift in Sources */ = {isa = PBXBuildFile; fileRef = AA498154250817D400CE8CDE /* SceneDelegate.swift */; };
		AA498157250817D400CE8CDE /* ViewController.swift in Sources */ = {isa = PBXBuildFile; fileRef = AA498156250817D400CE8CDE /* ViewController.swift */; };
		AA49815A250817D400CE8CDE /* Main.storyboard in Resources */ = {isa = PBXBuildFile; fileRef = AA498158250817D400CE8CDE /* Main.storyboard */; };
		AA49815C250817D500CE8CDE /* Assets.xcassets in Resources */ = {isa = PBXBuildFile; fileRef = AA49815B250817D500CE8CDE /* Assets.xcassets */; };
		AA49815F250817D500CE8CDE /* LaunchScreen.storyboard in Resources */ = {isa = PBXBuildFile; fileRef = AA49815D250817D500CE8CDE /* LaunchScreen.storyboard */; };
		ABA5BFE0124F8061F1D3932D /* Pods_COVID19_UIKit.framework in Frameworks */ = {isa = PBXBuildFile; fileRef = A45B5799AAC4BB8426C983E4 /* Pods_COVID19_UIKit.framework */; };
/* End PBXBuildFile section */

/* Begin PBXFileReference section */
		6B05FC2BF9B9FB46532BA1FC /* Pods-COVID19_UIKit.debug.xcconfig */ = {isa = PBXFileReference; includeInIndex = 1; lastKnownFileType = text.xcconfig; name = "Pods-COVID19_UIKit.debug.xcconfig"; path = "Target Support Files/Pods-COVID19_UIKit/Pods-COVID19_UIKit.debug.xcconfig"; sourceTree = "<group>"; };
		A45B5799AAC4BB8426C983E4 /* Pods_COVID19_UIKit.framework */ = {isa = PBXFileReference; explicitFileType = wrapper.framework; includeInIndex = 0; path = Pods_COVID19_UIKit.framework; sourceTree = BUILT_PRODUCTS_DIR; };
		AA49814F250817D400CE8CDE /* COVID19_UIKit.app */ = {isa = PBXFileReference; explicitFileType = wrapper.application; includeInIndex = 0; path = COVID19_UIKit.app; sourceTree = BUILT_PRODUCTS_DIR; };
		AA498152250817D400CE8CDE /* AppDelegate.swift */ = {isa = PBXFileReference; lastKnownFileType = sourcecode.swift; path = AppDelegate.swift; sourceTree = "<group>"; };
		AA498154250817D400CE8CDE /* SceneDelegate.swift */ = {isa = PBXFileReference; lastKnownFileType = sourcecode.swift; path = SceneDelegate.swift; sourceTree = "<group>"; };
		AA498156250817D400CE8CDE /* ViewController.swift */ = {isa = PBXFileReference; lastKnownFileType = sourcecode.swift; path = ViewController.swift; sourceTree = "<group>"; };
		AA498159250817D400CE8CDE /* Base */ = {isa = PBXFileReference; lastKnownFileType = file.storyboard; name = Base; path = Base.lproj/Main.storyboard; sourceTree = "<group>"; };
		AA49815B250817D500CE8CDE /* Assets.xcassets */ = {isa = PBXFileReference; lastKnownFileType = folder.assetcatalog; path = Assets.xcassets; sourceTree = "<group>"; };
		AA49815E250817D500CE8CDE /* Base */ = {isa = PBXFileReference; lastKnownFileType = file.storyboard; name = Base; path = Base.lproj/LaunchScreen.storyboard; sourceTree = "<group>"; };
		AA498160250817D500CE8CDE /* Info.plist */ = {isa = PBXFileReference; lastKnownFileType = text.plist.xml; path = Info.plist; sourceTree = "<group>"; };
		AA498166250817DB00CE8CDE /* COVID19_UIKit.entitlements */ = {isa = PBXFileReference; lastKnownFileType = text.plist.entitlements; path = COVID19_UIKit.entitlements; sourceTree = "<group>"; };
		CBB719E98C20478FFE271601 /* Pods-COVID19_UIKit.release.xcconfig */ = {isa = PBXFileReference; includeInIndex = 1; lastKnownFileType = text.xcconfig; name = "Pods-COVID19_UIKit.release.xcconfig"; path = "Target Support Files/Pods-COVID19_UIKit/Pods-COVID19_UIKit.release.xcconfig"; sourceTree = "<group>"; };
/* End PBXFileReference section */

/* Begin PBXFrameworksBuildPhase section */
		AA49814C250817D400CE8CDE /* Frameworks */ = {
			isa = PBXFrameworksBuildPhase;
			buildActionMask = 2147483647;
			files = (
				ABA5BFE0124F8061F1D3932D /* Pods_COVID19_UIKit.framework in Frameworks */,
			);
			runOnlyForDeploymentPostprocessing = 0;
		};
/* End PBXFrameworksBuildPhase section */

/* Begin PBXGroup section */
		8DC82E2F786C820554393260 /* Pods */ = {
			isa = PBXGroup;
			children = (
				6B05FC2BF9B9FB46532BA1FC /* Pods-COVID19_UIKit.debug.xcconfig */,
				CBB719E98C20478FFE271601 /* Pods-COVID19_UIKit.release.xcconfig */,
			);
			path = Pods;
			sourceTree = "<group>";
		};
		AA498146250817D400CE8CDE = {
			isa = PBXGroup;
			children = (
				AA498151250817D400CE8CDE /* COVID19_UIKit */,
				AA498150250817D400CE8CDE /* Products */,
				8DC82E2F786C820554393260 /* Pods */,
				CFF3F0C3AA6D5742D3B94675 /* Frameworks */,
			);
			sourceTree = "<group>";
		};
		AA498150250817D400CE8CDE /* Products */ = {
			isa = PBXGroup;
			children = (
				AA49814F250817D400CE8CDE /* COVID19_UIKit.app */,
			);
			name = Products;
			sourceTree = "<group>";
		};
		AA498151250817D400CE8CDE /* COVID19_UIKit */ = {
			isa = PBXGroup;
			children = (
				AA498166250817DB00CE8CDE /* COVID19_UIKit.entitlements */,
				AA498152250817D400CE8CDE /* AppDelegate.swift */,
				AA498154250817D400CE8CDE /* SceneDelegate.swift */,
				AA498156250817D400CE8CDE /* ViewController.swift */,
				AA498158250817D400CE8CDE /* Main.storyboard */,
				AA49815B250817D500CE8CDE /* Assets.xcassets */,
				AA49815D250817D500CE8CDE /* LaunchScreen.storyboard */,
				AA498160250817D500CE8CDE /* Info.plist */,
			);
			path = COVID19_UIKit;
			sourceTree = "<group>";
		};
		CFF3F0C3AA6D5742D3B94675 /* Frameworks */ = {
			isa = PBXGroup;
			children = (
				A45B5799AAC4BB8426C983E4 /* Pods_COVID19_UIKit.framework */,
			);
			name = Frameworks;
			sourceTree = "<group>";
		};
/* End PBXGroup section */

/* Begin PBXNativeTarget section */
		AA49814E250817D400CE8CDE /* COVID19_UIKit */ = {
			isa = PBXNativeTarget;
			buildConfigurationList = AA498163250817D500CE8CDE /* Build configuration list for PBXNativeTarget "COVID19_UIKit" */;
			buildPhases = (
				0EC8F5D94C177632453592C6 /* [CP] Check Pods Manifest.lock */,
				AA49814B250817D400CE8CDE /* Sources */,
				AA49814C250817D400CE8CDE /* Frameworks */,
				AA49814D250817D400CE8CDE /* Resources */,
				72F625A35157A85B9F089320 /* [CP] Embed Pods Frameworks */,
			);
			buildRules = (
			);
			dependencies = (
			);
			name = COVID19_UIKit;
			productName = COVID19_UIKit;
			productReference = AA49814F250817D400CE8CDE /* COVID19_UIKit.app */;
			productType = "com.apple.product-type.application";
		};
/* End PBXNativeTarget section */

/* Begin PBXProject section */
		AA498147250817D400CE8CDE /* Project object */ = {
			isa = PBXProject;
			attributes = {
				LastSwiftUpdateCheck = 1170;
				LastUpgradeCheck = 1200;
				ORGANIZATIONNAME = "AI Club";
				TargetAttributes = {
					AA49814E250817D400CE8CDE = {
						CreatedOnToolsVersion = 11.7;
					};
				};
			};
			buildConfigurationList = AA49814A250817D400CE8CDE /* Build configuration list for PBXProject "COVID19_UIKit" */;
			compatibilityVersion = "Xcode 9.3";
			developmentRegion = en;
			hasScannedForEncodings = 0;
			knownRegions = (
				en,
				Base,
			);
			mainGroup = AA498146250817D400CE8CDE;
			productRefGroup = AA498150250817D400CE8CDE /* Products */;
			projectDirPath = "";
			projectRoot = "";
			targets = (
				AA49814E250817D400CE8CDE /* COVID19_UIKit */,
			);
		};
/* End PBXProject section */

/* Begin PBXResourcesBuildPhase section */
		AA49814D250817D400CE8CDE /* Resources */ = {
			isa = PBXResourcesBuildPhase;
			buildActionMask = 2147483647;
			files = (
				AA49815F250817D500CE8CDE /* LaunchScreen.storyboard in Resources */,
				AA49815C250817D500CE8CDE /* Assets.xcassets in Resources */,
				AA49815A250817D400CE8CDE /* Main.storyboard in Resources */,
			);
			runOnlyForDeploymentPostprocessing = 0;
		};
/* End PBXResourcesBuildPhase section */

/* Begin PBXShellScriptBuildPhase section */
		0EC8F5D94C177632453592C6 /* [CP] Check Pods Manifest.lock */ = {
			isa = PBXShellScriptBuildPhase;
			buildActionMask = 2147483647;
			files = (
			);
			inputFileListPaths = (
			);
			inputPaths = (
				"${PODS_PODFILE_DIR_PATH}/Podfile.lock",
				"${PODS_ROOT}/Manifest.lock",
			);
			name = "[CP] Check Pods Manifest.lock";
			outputFileListPaths = (
			);
			outputPaths = (
				"$(DERIVED_FILE_DIR)/Pods-COVID19_UIKit-checkManifestLockResult.txt",
			);
			runOnlyForDeploymentPostprocessing = 0;
			shellPath = /bin/sh;
			shellScript = "diff \"${PODS_PODFILE_DIR_PATH}/Podfile.lock\" \"${PODS_ROOT}/Manifest.lock\" > /dev/null\nif [ $? != 0 ] ; then\n    # print error to STDERR\n    echo \"error: The sandbox is not in sync with the Podfile.lock. Run 'pod install' or update your CocoaPods installation.\" >&2\n    exit 1\nfi\n# This output is used by Xcode 'outputs' to avoid re-running this script phase.\necho \"SUCCESS\" > \"${SCRIPT_OUTPUT_FILE_0}\"\n";
			showEnvVarsInLog = 0;
		};
		72F625A35157A85B9F089320 /* [CP] Embed Pods Frameworks */ = {
			isa = PBXShellScriptBuildPhase;
			buildActionMask = 2147483647;
			files = (
			);
			inputFileListPaths = (
				"${PODS_ROOT}/Target Support Files/Pods-COVID19_UIKit/Pods-COVID19_UIKit-frameworks-${CONFIGURATION}-input-files.xcfilelist",
			);
			name = "[CP] Embed Pods Frameworks";
			outputFileListPaths = (
				"${PODS_ROOT}/Target Support Files/Pods-COVID19_UIKit/Pods-COVID19_UIKit-frameworks-${CONFIGURATION}-output-files.xcfilelist",
			);
			runOnlyForDeploymentPostprocessing = 0;
			shellPath = /bin/sh;
			shellScript = "\"${PODS_ROOT}/Target Support Files/Pods-COVID19_UIKit/Pods-COVID19_UIKit-frameworks.sh\"\n";
			showEnvVarsInLog = 0;
		};
/* End PBXShellScriptBuildPhase section */

/* Begin PBXSourcesBuildPhase section */
		AA49814B250817D400CE8CDE /* Sources */ = {
			isa = PBXSourcesBuildPhase;
			buildActionMask = 2147483647;
			files = (
				AA498157250817D400CE8CDE /* ViewController.swift in Sources */,
				AA498153250817D400CE8CDE /* AppDelegate.swift in Sources */,
				AA498155250817D400CE8CDE /* SceneDelegate.swift in Sources */,
			);
			runOnlyForDeploymentPostprocessing = 0;
		};
/* End PBXSourcesBuildPhase section */

/* Begin PBXVariantGroup section */
		AA498158250817D400CE8CDE /* Main.storyboard */ = {
			isa = PBXVariantGroup;
			children = (
				AA498159250817D400CE8CDE /* Base */,
			);
			name = Main.storyboard;
			sourceTree = "<group>";
		};
		AA49815D250817D500CE8CDE /* LaunchScreen.storyboard */ = {
			isa = PBXVariantGroup;
			children = (
				AA49815E250817D500CE8CDE /* Base */,
			);
			name = LaunchScreen.storyboard;
			sourceTree = "<group>";
		};
/* End PBXVariantGroup section */

/* Begin XCBuildConfiguration section */
		AA498161250817D500CE8CDE /* Debug */ = {
			isa = XCBuildConfiguration;
			buildSettings = {
				ALWAYS_SEARCH_USER_PATHS = NO;
				CLANG_ANALYZER_NONNULL = YES;
				CLANG_ANALYZER_NUMBER_OBJECT_CONVERSION = YES_AGGRESSIVE;
				CLANG_CXX_LANGUAGE_STANDARD = "gnu++14";
				CLANG_CXX_LIBRARY = "libc++";
				CLANG_ENABLE_MODULES = YES;
				CLANG_ENABLE_OBJC_ARC = YES;
				CLANG_ENABLE_OBJC_WEAK = YES;
				CLANG_WARN_BLOCK_CAPTURE_AUTORELEASING = YES;
				CLANG_WARN_BOOL_CONVERSION = YES;
				CLANG_WARN_COMMA = YES;
				CLANG_WARN_CONSTANT_CONVERSION = YES;
				CLANG_WARN_DEPRECATED_OBJC_IMPLEMENTATIONS = YES;
				CLANG_WARN_DIRECT_OBJC_ISA_USAGE = YES_ERROR;
				CLANG_WARN_DOCUMENTATION_COMMENTS = YES;
				CLANG_WARN_EMPTY_BODY = YES;
				CLANG_WARN_ENUM_CONVERSION = YES;
				CLANG_WARN_INFINITE_RECURSION = YES;
				CLANG_WARN_INT_CONVERSION = YES;
				CLANG_WARN_NON_LITERAL_NULL_CONVERSION = YES;
				CLANG_WARN_OBJC_IMPLICIT_RETAIN_SELF = YES;
				CLANG_WARN_OBJC_LITERAL_CONVERSION = YES;
				CLANG_WARN_OBJC_ROOT_CLASS = YES_ERROR;
				CLANG_WARN_QUOTED_INCLUDE_IN_FRAMEWORK_HEADER = YES;
				CLANG_WARN_RANGE_LOOP_ANALYSIS = YES;
				CLANG_WARN_STRICT_PROTOTYPES = YES;
				CLANG_WARN_SUSPICIOUS_MOVE = YES;
				CLANG_WARN_UNGUARDED_AVAILABILITY = YES_AGGRESSIVE;
				CLANG_WARN_UNREACHABLE_CODE = YES;
				CLANG_WARN__DUPLICATE_METHOD_MATCH = YES;
				COPY_PHASE_STRIP = NO;
				DEBUG_INFORMATION_FORMAT = dwarf;
				ENABLE_STRICT_OBJC_MSGSEND = YES;
				ENABLE_TESTABILITY = YES;
				GCC_C_LANGUAGE_STANDARD = gnu11;
				GCC_DYNAMIC_NO_PIC = NO;
				GCC_NO_COMMON_BLOCKS = YES;
				GCC_OPTIMIZATION_LEVEL = 0;
				GCC_PREPROCESSOR_DEFINITIONS = (
					"DEBUG=1",
					"$(inherited)",
				);
				GCC_WARN_64_TO_32_BIT_CONVERSION = YES;
				GCC_WARN_ABOUT_RETURN_TYPE = YES_ERROR;
				GCC_WARN_UNDECLARED_SELECTOR = YES;
				GCC_WARN_UNINITIALIZED_AUTOS = YES_AGGRESSIVE;
				GCC_WARN_UNUSED_FUNCTION = YES;
				GCC_WARN_UNUSED_VARIABLE = YES;
				IPHONEOS_DEPLOYMENT_TARGET = 13.7;
				MTL_ENABLE_DEBUG_INFO = INCLUDE_SOURCE;
				MTL_FAST_MATH = YES;
				ONLY_ACTIVE_ARCH = YES;
				SDKROOT = iphoneos;
				SWIFT_ACTIVE_COMPILATION_CONDITIONS = DEBUG;
				SWIFT_OPTIMIZATION_LEVEL = "-Onone";
			};
			name = Debug;
		};
		AA498162250817D500CE8CDE /* Release */ = {
			isa = XCBuildConfiguration;
			buildSettings = {
				ALWAYS_SEARCH_USER_PATHS = NO;
				CLANG_ANALYZER_NONNULL = YES;
				CLANG_ANALYZER_NUMBER_OBJECT_CONVERSION = YES_AGGRESSIVE;
				CLANG_CXX_LANGUAGE_STANDARD = "gnu++14";
				CLANG_CXX_LIBRARY = "libc++";
				CLANG_ENABLE_MODULES = YES;
				CLANG_ENABLE_OBJC_ARC = YES;
				CLANG_ENABLE_OBJC_WEAK = YES;
				CLANG_WARN_BLOCK_CAPTURE_AUTORELEASING = YES;
				CLANG_WARN_BOOL_CONVERSION = YES;
				CLANG_WARN_COMMA = YES;
				CLANG_WARN_CONSTANT_CONVERSION = YES;
				CLANG_WARN_DEPRECATED_OBJC_IMPLEMENTATIONS = YES;
				CLANG_WARN_DIRECT_OBJC_ISA_USAGE = YES_ERROR;
				CLANG_WARN_DOCUMENTATION_COMMENTS = YES;
				CLANG_WARN_EMPTY_BODY = YES;
				CLANG_WARN_ENUM_CONVERSION = YES;
				CLANG_WARN_INFINITE_RECURSION = YES;
				CLANG_WARN_INT_CONVERSION = YES;
				CLANG_WARN_NON_LITERAL_NULL_CONVERSION = YES;
				CLANG_WARN_OBJC_IMPLICIT_RETAIN_SELF = YES;
				CLANG_WARN_OBJC_LITERAL_CONVERSION = YES;
				CLANG_WARN_OBJC_ROOT_CLASS = YES_ERROR;
				CLANG_WARN_QUOTED_INCLUDE_IN_FRAMEWORK_HEADER = YES;
				CLANG_WARN_RANGE_LOOP_ANALYSIS = YES;
				CLANG_WARN_STRICT_PROTOTYPES = YES;
				CLANG_WARN_SUSPICIOUS_MOVE = YES;
				CLANG_WARN_UNGUARDED_AVAILABILITY = YES_AGGRESSIVE;
				CLANG_WARN_UNREACHABLE_CODE = YES;
				CLANG_WARN__DUPLICATE_METHOD_MATCH = YES;
				COPY_PHASE_STRIP = NO;
				DEBUG_INFORMATION_FORMAT = "dwarf-with-dsym";
				ENABLE_NS_ASSERTIONS = NO;
				ENABLE_STRICT_OBJC_MSGSEND = YES;
				GCC_C_LANGUAGE_STANDARD = gnu11;
				GCC_NO_COMMON_BLOCKS = YES;
				GCC_WARN_64_TO_32_BIT_CONVERSION = YES;
				GCC_WARN_ABOUT_RETURN_TYPE = YES_ERROR;
				GCC_WARN_UNDECLARED_SELECTOR = YES;
				GCC_WARN_UNINITIALIZED_AUTOS = YES_AGGRESSIVE;
				GCC_WARN_UNUSED_FUNCTION = YES;
				GCC_WARN_UNUSED_VARIABLE = YES;
				IPHONEOS_DEPLOYMENT_TARGET = 13.7;
				MTL_ENABLE_DEBUG_INFO = NO;
				MTL_FAST_MATH = YES;
				SDKROOT = iphoneos;
				SWIFT_COMPILATION_MODE = wholemodule;
				SWIFT_OPTIMIZATION_LEVEL = "-O";
				VALIDATE_PRODUCT = YES;
			};
			name = Release;
		};
		AA498164250817D500CE8CDE /* Debug */ = {
			isa = XCBuildConfiguration;
			baseConfigurationReference = 6B05FC2BF9B9FB46532BA1FC /* Pods-COVID19_UIKit.debug.xcconfig */;
			buildSettings = {
				ASSETCATALOG_COMPILER_APPICON_NAME = AppIcon;
				CODE_SIGN_ENTITLEMENTS = COVID19_UIKit/COVID19_UIKit.entitlements;
				CODE_SIGN_STYLE = Automatic;
				DEVELOPMENT_TEAM = U4WHYADYH2;
				INFOPLIST_FILE = COVID19_UIKit/Info.plist;
				LD_RUNPATH_SEARCH_PATHS = (
					"$(inherited)",
					"@executable_path/Frameworks",
				);
				PRODUCT_BUNDLE_IDENTIFIER = "world.aiclub.COVID19-UIKit";
				PRODUCT_NAME = "$(TARGET_NAME)";
				SUPPORTS_MACCATALYST = YES;
				SWIFT_VERSION = 5.0;
				TARGETED_DEVICE_FAMILY = "1,2";
			};
			name = Debug;
		};
		AA498165250817D500CE8CDE /* Release */ = {
			isa = XCBuildConfiguration;
			baseConfigurationReference = CBB719E98C20478FFE271601 /* Pods-COVID19_UIKit.release.xcconfig */;
			buildSettings = {
				ASSETCATALOG_COMPILER_APPICON_NAME = AppIcon;
				CODE_SIGN_ENTITLEMENTS = COVID19_UIKit/COVID19_UIKit.entitlements;
				CODE_SIGN_STYLE = Automatic;
				DEVELOPMENT_TEAM = U4WHYADYH2;
				INFOPLIST_FILE = COVID19_UIKit/Info.plist;
				LD_RUNPATH_SEARCH_PATHS = (
					"$(inherited)",
					"@executable_path/Frameworks",
				);
				PRODUCT_BUNDLE_IDENTIFIER = "world.aiclub.COVID19-UIKit";
				PRODUCT_NAME = "$(TARGET_NAME)";
				SUPPORTS_MACCATALYST = YES;
				SWIFT_VERSION = 5.0;
				TARGETED_DEVICE_FAMILY = "1,2";
			};
			name = Release;
		};
/* End XCBuildConfiguration section */

/* Begin XCConfigurationList section */
		AA49814A250817D400CE8CDE /* Build configuration list for PBXProject "COVID19_UIKit" */ = {
			isa = XCConfigurationList;
			buildConfigurations = (
				AA498161250817D500CE8CDE /* Debug */,
				AA498162250817D500CE8CDE /* Release */,
			);
			defaultConfigurationIsVisible = 0;
			defaultConfigurationName = Release;
		};
		AA498163250817D500CE8CDE /* Build configuration list for PBXNativeTarget "COVID19_UIKit" */ = {
			isa = XCConfigurationList;
			buildConfigurations = (
				AA498164250817D500CE8CDE /* Debug */,
				AA498165250817D500CE8CDE /* Release */,
			);
			defaultConfigurationIsVisible = 0;
			defaultConfigurationName = Release;
		};
/* End XCConfigurationList section */
	};
	rootObject = AA498147250817D400CE8CDE /* Project object */;
}
